// !$*UTF8*$!
{
	archiveVersion = 1;
	classes = {
	};
	objectVersion = 56;
	objects = {

/* Begin PBXBuildFile section */
		75438A8A2A91D041004F92E0 /* AppDelegate.swift in Sources */ = {isa = PBXBuildFile; fileRef = 75438A892A91D041004F92E0 /* AppDelegate.swift */; };
		75438A8C2A91D041004F92E0 /* SceneDelegate.swift in Sources */ = {isa = PBXBuildFile; fileRef = 75438A8B2A91D041004F92E0 /* SceneDelegate.swift */; };
		75438A8E2A91D041004F92E0 /* ViewController.swift in Sources */ = {isa = PBXBuildFile; fileRef = 75438A8D2A91D041004F92E0 /* ViewController.swift */; };
		75438A912A91D041004F92E0 /* Main.storyboard in Resources */ = {isa = PBXBuildFile; fileRef = 75438A8F2A91D041004F92E0 /* Main.storyboard */; };
		75438A942A91D041004F92E0 /* Coredata_With_Image_Saving.xcdatamodeld in Sources */ = {isa = PBXBuildFile; fileRef = 75438A922A91D041004F92E0 /* Coredata_With_Image_Saving.xcdatamodeld */; };
		75438A962A91D042004F92E0 /* Assets.xcassets in Resources */ = {isa = PBXBuildFile; fileRef = 75438A952A91D042004F92E0 /* Assets.xcassets */; };
		75438A992A91D042004F92E0 /* LaunchScreen.storyboard in Resources */ = {isa = PBXBuildFile; fileRef = 75438A972A91D042004F92E0 /* LaunchScreen.storyboard */; };
/* End PBXBuildFile section */

/* Begin PBXFileReference section */
		75438A862A91D041004F92E0 /* Coredata With Image Saving.app */ = {isa = PBXFileReference; explicitFileType = wrapper.application; includeInIndex = 0; path = "Coredata With Image Saving.app"; sourceTree = BUILT_PRODUCTS_DIR; };
		75438A892A91D041004F92E0 /* AppDelegate.swift */ = {isa = PBXFileReference; lastKnownFileType = sourcecode.swift; path = AppDelegate.swift; sourceTree = "<group>"; };
		75438A8B2A91D041004F92E0 /* SceneDelegate.swift */ = {isa = PBXFileReference; lastKnownFileType = sourcecode.swift; path = SceneDelegate.swift; sourceTree = "<group>"; };
		75438A8D2A91D041004F92E0 /* ViewController.swift */ = {isa = PBXFileReference; lastKnownFileType = sourcecode.swift; path = ViewController.swift; sourceTree = "<group>"; };
		75438A902A91D041004F92E0 /* Base */ = {isa = PBXFileReference; lastKnownFileType = file.storyboard; name = Base; path = Base.lproj/Main.storyboard; sourceTree = "<group>"; };
		75438A932A91D041004F92E0 /* Coredata_With_Image_Saving.xcdatamodel */ = {isa = PBXFileReference; lastKnownFileType = wrapper.xcdatamodel; path = Coredata_With_Image_Saving.xcdatamodel; sourceTree = "<group>"; };
		75438A952A91D042004F92E0 /* Assets.xcassets */ = {isa = PBXFileReference; lastKnownFileType = folder.assetcatalog; path = Assets.xcassets; sourceTree = "<group>"; };
		75438A982A91D042004F92E0 /* Base */ = {isa = PBXFileReference; lastKnownFileType = file.storyboard; name = Base; path = Base.lproj/LaunchScreen.storyboard; sourceTree = "<group>"; };
		75438A9A2A91D042004F92E0 /* Info.plist */ = {isa = PBXFileReference; lastKnownFileType = text.plist.xml; path = Info.plist; sourceTree = "<group>"; };
/* End PBXFileReference section */

/* Begin PBXFrameworksBuildPhase section */
		75438A832A91D041004F92E0 /* Frameworks */ = {
			isa = PBXFrameworksBuildPhase;
			buildActionMask = 2147483647;
			files = (
			);
			runOnlyForDeploymentPostprocessing = 0;
		};
/* End PBXFrameworksBuildPhase section */

/* Begin PBXGroup section */
		75438A7D2A91D041004F92E0 = {
			isa = PBXGroup;
			children = (
				75438A882A91D041004F92E0 /* Coredata With Image Saving */,
				75438A872A91D041004F92E0 /* Products */,
			);
			sourceTree = "<group>";
		};
		75438A872A91D041004F92E0 /* Products */ = {
			isa = PBXGroup;
			children = (
				75438A862A91D041004F92E0 /* Coredata With Image Saving.app */,
			);
			name = Products;
			sourceTree = "<group>";
		};
		75438A882A91D041004F92E0 /* Coredata With Image Saving */ = {
			isa = PBXGroup;
			children = (
				75438A892A91D041004F92E0 /* AppDelegate.swift */,
				75438A8B2A91D041004F92E0 /* SceneDelegate.swift */,
				75438A8D2A91D041004F92E0 /* ViewController.swift */,
				75438A8F2A91D041004F92E0 /* Main.storyboard */,
				75438A952A91D042004F92E0 /* Assets.xcassets */,
				75438A972A91D042004F92E0 /* LaunchScreen.storyboard */,
				75438A9A2A91D042004F92E0 /* Info.plist */,
				75438A922A91D041004F92E0 /* Coredata_With_Image_Saving.xcdatamodeld */,
			);
			path = "Coredata With Image Saving";
			sourceTree = "<group>";
		};
/* End PBXGroup section */

/* Begin PBXNativeTarget section */
		75438A852A91D041004F92E0 /* Coredata With Image Saving */ = {
			isa = PBXNativeTarget;
			buildConfigurationList = 75438A9D2A91D042004F92E0 /* Build configuration list for PBXNativeTarget "Coredata With Image Saving" */;
			buildPhases = (
				75438A822A91D041004F92E0 /* Sources */,
				75438A832A91D041004F92E0 /* Frameworks */,
				75438A842A91D041004F92E0 /* Resources */,
			);
			buildRules = (
			);
			dependencies = (
			);
			name = "Coredata With Image Saving";
			productName = "Coredata With Image Saving";
			productReference = 75438A862A91D041004F92E0 /* Coredata With Image Saving.app */;
			productType = "com.apple.product-type.application";
		};
/* End PBXNativeTarget section */

/* Begin PBXProject section */
		75438A7E2A91D041004F92E0 /* Project object */ = {
			isa = PBXProject;
			attributes = {
				BuildIndependentTargetsInParallel = 1;
				LastSwiftUpdateCheck = 1430;
				LastUpgradeCheck = 1430;
				TargetAttributes = {
					75438A852A91D041004F92E0 = {
						CreatedOnToolsVersion = 14.3.1;
					};
				};
			};
			buildConfigurationList = 75438A812A91D041004F92E0 /* Build configuration list for PBXProject "Coredata With Image Saving" */;
			compatibilityVersion = "Xcode 14.0";
			developmentRegion = en;
			hasScannedForEncodings = 0;
			knownRegions = (
				en,
				Base,
			);
			mainGroup = 75438A7D2A91D041004F92E0;
			productRefGroup = 75438A872A91D041004F92E0 /* Products */;
			projectDirPath = "";
			projectRoot = "";
			targets = (
				75438A852A91D041004F92E0 /* Coredata With Image Saving */,
			);
		};
/* End PBXProject section */

/* Begin PBXResourcesBuildPhase section */
		75438A842A91D041004F92E0 /* Resources */ = {
			isa = PBXResourcesBuildPhase;
			buildActionMask = 2147483647;
			files = (
				75438A992A91D042004F92E0 /* LaunchScreen.storyboard in Resources */,
				75438A962A91D042004F92E0 /* Assets.xcassets in Resources */,
				75438A912A91D041004F92E0 /* Main.storyboard in Resources */,
			);
			runOnlyForDeploymentPostprocessing = 0;
		};
/* End PBXResourcesBuildPhase section */

/* Begin PBXSourcesBuildPhase section */
		75438A822A91D041004F92E0 /* Sources */ = {
			isa = PBXSourcesBuildPhase;
			buildActionMask = 2147483647;
			files = (
				75438A8E2A91D041004F92E0 /* ViewController.swift in Sources */,
				75438A8A2A91D041004F92E0 /* AppDelegate.swift in Sources */,
				75438A942A91D041004F92E0 /* Coredata_With_Image_Saving.xcdatamodeld in Sources */,
				75438A8C2A91D041004F92E0 /* SceneDelegate.swift in Sources */,
			);
			runOnlyForDeploymentPostprocessing = 0;
		};
/* End PBXSourcesBuildPhase section */

/* Begin PBXVariantGroup section */
		75438A8F2A91D041004F92E0 /* Main.storyboard */ = {
			isa = PBXVariantGroup;
			children = (
				75438A902A91D041004F92E0 /* Base */,
			);
			name = Main.storyboard;
			sourceTree = "<group>";
		};
		75438A972A91D042004F92E0 /* LaunchScreen.storyboard */ = {
			isa = PBXVariantGroup;
			children = (
				75438A982A91D042004F92E0 /* Base */,
			);
			name = LaunchScreen.storyboard;
			sourceTree = "<group>";
		};
/* End PBXVariantGroup section */

/* Begin XCBuildConfiguration section */
		75438A9B2A91D042004F92E0 /* Debug */ = {
			isa = XCBuildConfiguration;
			buildSettings = {
				ALWAYS_SEARCH_USER_PATHS = NO;
				CLANG_ANALYZER_NONNULL = YES;
				CLANG_ANALYZER_NUMBER_OBJECT_CONVERSION = YES_AGGRESSIVE;
				CLANG_CXX_LANGUAGE_STANDARD = "gnu++20";
				CLANG_ENABLE_MODULES = YES;
				CLANG_ENABLE_OBJC_ARC = YES;
				CLANG_ENABLE_OBJC_WEAK = YES;
				CLANG_WARN_BLOCK_CAPTURE_AUTORELEASING = YES;
				CLANG_WARN_BOOL_CONVERSION = YES;
				CLANG_WARN_COMMA = YES;
				CLANG_WARN_CONSTANT_CONVERSION = YES;
				CLANG_WARN_DEPRECATED_OBJC_IMPLEMENTATIONS = YES;
				CLANG_WARN_DIRECT_OBJC_ISA_USAGE = YES_ERROR;
				CLANG_WARN_DOCUMENTATION_COMMENTS = YES;
				CLANG_WARN_EMPTY_BODY = YES;
				CLANG_WARN_ENUM_CONVERSION = YES;
				CLANG_WARN_INFINITE_RECURSION = YES;
				CLANG_WARN_INT_CONVERSION = YES;
				CLANG_WARN_NON_LITERAL_NULL_CONVERSION = YES;
				CLANG_WARN_OBJC_IMPLICIT_RETAIN_SELF = YES;
				CLANG_WARN_OBJC_LITERAL_CONVERSION = YES;
				CLANG_WARN_OBJC_ROOT_CLASS = YES_ERROR;
				CLANG_WARN_QUOTED_INCLUDE_IN_FRAMEWORK_HEADER = YES;
				CLANG_WARN_RANGE_LOOP_ANALYSIS = YES;
				CLANG_WARN_STRICT_PROTOTYPES = YES;
				CLANG_WARN_SUSPICIOUS_MOVE = YES;
				CLANG_WARN_UNGUARDED_AVAILABILITY = YES_AGGRESSIVE;
				CLANG_WARN_UNREACHABLE_CODE = YES;
				CLANG_WARN__DUPLICATE_METHOD_MATCH = YES;
				COPY_PHASE_STRIP = NO;
				DEBUG_INFORMATION_FORMAT = dwarf;
				ENABLE_STRICT_OBJC_MSGSEND = YES;
				ENABLE_TESTABILITY = YES;
				GCC_C_LANGUAGE_STANDARD = gnu11;
				GCC_DYNAMIC_NO_PIC = NO;
				GCC_NO_COMMON_BLOCKS = YES;
				GCC_OPTIMIZATION_LEVEL = 0;
				GCC_PREPROCESSOR_DEFINITIONS = (
					"DEBUG=1",
					"$(inherited)",
				);
				GCC_WARN_64_TO_32_BIT_CONVERSION = YES;
				GCC_WARN_ABOUT_RETURN_TYPE = YES_ERROR;
				GCC_WARN_UNDECLARED_SELECTOR = YES;
				GCC_WARN_UNINITIALIZED_AUTOS = YES_AGGRESSIVE;
				GCC_WARN_UNUSED_FUNCTION = YES;
				GCC_WARN_UNUSED_VARIABLE = YES;
				IPHONEOS_DEPLOYMENT_TARGET = 16.4;
				MTL_ENABLE_DEBUG_INFO = INCLUDE_SOURCE;
				MTL_FAST_MATH = YES;
				ONLY_ACTIVE_ARCH = YES;
				SDKROOT = iphoneos;
				SWIFT_ACTIVE_COMPILATION_CONDITIONS = DEBUG;
				SWIFT_OPTIMIZATION_LEVEL = "-Onone";
			};
			name = Debug;
		};
		75438A9C2A91D042004F92E0 /* Release */ = {
			isa = XCBuildConfiguration;
			buildSettings = {
				ALWAYS_SEARCH_USER_PATHS = NO;
				CLANG_ANALYZER_NONNULL = YES;
				CLANG_ANALYZER_NUMBER_OBJECT_CONVERSION = YES_AGGRESSIVE;
				CLANG_CXX_LANGUAGE_STANDARD = "gnu++20";
				CLANG_ENABLE_MODULES = YES;
				CLANG_ENABLE_OBJC_ARC = YES;
				CLANG_ENABLE_OBJC_WEAK = YES;
				CLANG_WARN_BLOCK_CAPTURE_AUTORELEASING = YES;
				CLANG_WARN_BOOL_CONVERSION = YES;
				CLANG_WARN_COMMA = YES;
				CLANG_WARN_CONSTANT_CONVERSION = YES;
				CLANG_WARN_DEPRECATED_OBJC_IMPLEMENTATIONS = YES;
				CLANG_WARN_DIRECT_OBJC_ISA_USAGE = YES_ERROR;
				CLANG_WARN_DOCUMENTATION_COMMENTS = YES;
				CLANG_WARN_EMPTY_BODY = YES;
				CLANG_WARN_ENUM_CONVERSION = YES;
				CLANG_WARN_INFINITE_RECURSION = YES;
				CLANG_WARN_INT_CONVERSION = YES;
				CLANG_WARN_NON_LITERAL_NULL_CONVERSION = YES;
				CLANG_WARN_OBJC_IMPLICIT_RETAIN_SELF = YES;
				CLANG_WARN_OBJC_LITERAL_CONVERSION = YES;
				CLANG_WARN_OBJC_ROOT_CLASS = YES_ERROR;
				CLANG_WARN_QUOTED_INCLUDE_IN_FRAMEWORK_HEADER = YES;
				CLANG_WARN_RANGE_LOOP_ANALYSIS = YES;
				CLANG_WARN_STRICT_PROTOTYPES = YES;
				CLANG_WARN_SUSPICIOUS_MOVE = YES;
				CLANG_WARN_UNGUARDED_AVAILABILITY = YES_AGGRESSIVE;
				CLANG_WARN_UNREACHABLE_CODE = YES;
				CLANG_WARN__DUPLICATE_METHOD_MATCH = YES;
				COPY_PHASE_STRIP = NO;
				DEBUG_INFORMATION_FORMAT = "dwarf-with-dsym";
				ENABLE_NS_ASSERTIONS = NO;
				ENABLE_STRICT_OBJC_MSGSEND = YES;
				GCC_C_LANGUAGE_STANDARD = gnu11;
				GCC_NO_COMMON_BLOCKS = YES;
				GCC_WARN_64_TO_32_BIT_CONVERSION = YES;
				GCC_WARN_ABOUT_RETURN_TYPE = YES_ERROR;
				GCC_WARN_UNDECLARED_SELECTOR = YES;
				GCC_WARN_UNINITIALIZED_AUTOS = YES_AGGRESSIVE;
				GCC_WARN_UNUSED_FUNCTION = YES;
				GCC_WARN_UNUSED_VARIABLE = YES;
				IPHONEOS_DEPLOYMENT_TARGET = 16.4;
				MTL_ENABLE_DEBUG_INFO = NO;
				MTL_FAST_MATH = YES;
				SDKROOT = iphoneos;
				SWIFT_COMPILATION_MODE = wholemodule;
				SWIFT_OPTIMIZATION_LEVEL = "-O";
				VALIDATE_PRODUCT = YES;
			};
			name = Release;
		};
		75438A9E2A91D042004F92E0 /* Debug */ = {
			isa = XCBuildConfiguration;
			buildSettings = {
				ASSETCATALOG_COMPILER_APPICON_NAME = AppIcon;
				ASSETCATALOG_COMPILER_GLOBAL_ACCENT_COLOR_NAME = AccentColor;
				CODE_SIGN_STYLE = Automatic;
				CURRENT_PROJECT_VERSION = 1;
				GENERATE_INFOPLIST_FILE = YES;
				INFOPLIST_FILE = "Coredata With Image Saving/Info.plist";
				INFOPLIST_KEY_UIApplicationSupportsIndirectInputEvents = YES;
				INFOPLIST_KEY_UILaunchStoryboardName = LaunchScreen;
				INFOPLIST_KEY_UIMainStoryboardFile = Main;
				INFOPLIST_KEY_UISupportedInterfaceOrientations_iPad = "UIInterfaceOrientationPortrait UIInterfaceOrientationPortraitUpsideDown UIInterfaceOrientationLandscapeLeft UIInterfaceOrientationLandscapeRight";
				INFOPLIST_KEY_UISupportedInterfaceOrientations_iPhone = "UIInterfaceOrientationPortrait UIInterfaceOrientationLandscapeLeft UIInterfaceOrientationLandscapeRight";
				LD_RUNPATH_SEARCH_PATHS = (
					"$(inherited)",
					"@executable_path/Frameworks",
				);
				MARKETING_VERSION = 1.0;
				PRODUCT_BUNDLE_IDENTIFIER = "Abdur.Razzak.Coredata-With-Image-Saving";
				PRODUCT_NAME = "$(TARGET_NAME)";
				SWIFT_EMIT_LOC_STRINGS = YES;
				SWIFT_VERSION = 5.0;
				TARGETED_DEVICE_FAMILY = "1,2";
			};
			name = Debug;
		};
		75438A9F2A91D042004F92E0 /* Release */ = {
			isa = XCBuildConfiguration;
			buildSettings = {
				ASSETCATALOG_COMPILER_APPICON_NAME = AppIcon;
				ASSETCATALOG_COMPILER_GLOBAL_ACCENT_COLOR_NAME = AccentColor;
				CODE_SIGN_STYLE = Automatic;
				CURRENT_PROJECT_VERSION = 1;
				GENERATE_INFOPLIST_FILE = YES;
				INFOPLIST_FILE = "Coredata With Image Saving/Info.plist";
				INFOPLIST_KEY_UIApplicationSupportsIndirectInputEvents = YES;
				INFOPLIST_KEY_UILaunchStoryboardName = LaunchScreen;
				INFOPLIST_KEY_UIMainStoryboardFile = Main;
				INFOPLIST_KEY_UISupportedInterfaceOrientations_iPad = "UIInterfaceOrientationPortrait UIInterfaceOrientationPortraitUpsideDown UIInterfaceOrientationLandscapeLeft UIInterfaceOrientationLandscapeRight";
				INFOPLIST_KEY_UISupportedInterfaceOrientations_iPhone = "UIInterfaceOrientationPortrait UIInterfaceOrientationLandscapeLeft UIInterfaceOrientationLandscapeRight";
				LD_RUNPATH_SEARCH_PATHS = (
					"$(inherited)",
					"@executable_path/Frameworks",
				);
				MARKETING_VERSION = 1.0;
				PRODUCT_BUNDLE_IDENTIFIER = "Abdur.Razzak.Coredata-With-Image-Saving";
				PRODUCT_NAME = "$(TARGET_NAME)";
				SWIFT_EMIT_LOC_STRINGS = YES;
				SWIFT_VERSION = 5.0;
				TARGETED_DEVICE_FAMILY = "1,2";
			};
			name = Release;
		};
/* End XCBuildConfiguration section */

/* Begin XCConfigurationList section */
		75438A812A91D041004F92E0 /* Build configuration list for PBXProject "Coredata With Image Saving" */ = {
			isa = XCConfigurationList;
			buildConfigurations = (
				75438A9B2A91D042004F92E0 /* Debug */,
				75438A9C2A91D042004F92E0 /* Release */,
			);
			defaultConfigurationIsVisible = 0;
			defaultConfigurationName = Release;
		};
		75438A9D2A91D042004F92E0 /* Build configuration list for PBXNativeTarget "Coredata With Image Saving" */ = {
			isa = XCConfigurationList;
			buildConfigurations = (
				75438A9E2A91D042004F92E0 /* Debug */,
				75438A9F2A91D042004F92E0 /* Release */,
			);
			defaultConfigurationIsVisible = 0;
			defaultConfigurationName = Release;
		};
/* End XCConfigurationList section */

/* Begin XCVersionGroup section */
		75438A922A91D041004F92E0 /* Coredata_With_Image_Saving.xcdatamodeld */ = {
			isa = XCVersionGroup;
			children = (
				75438A932A91D041004F92E0 /* Coredata_With_Image_Saving.xcdatamodel */,
			);
			currentVersion = 75438A932A91D041004F92E0 /* Coredata_With_Image_Saving.xcdatamodel */;
			path = Coredata_With_Image_Saving.xcdatamodeld;
			sourceTree = "<group>";
			versionGroupType = wrapper.xcdatamodel;
		};
/* End XCVersionGroup section */
	};
	rootObject = 75438A7E2A91D041004F92E0 /* Project object */;
}
